
Microsoft Visual Studio Solution File, Format Version 12.00
# Visual Studio Version 16
VisualStudioVersion = 16.0.29926.136
MinimumVisualStudioVersion = 10.0.40219.1
Project("{9A19103F-16F7-4668-BE54-9A1E7A4F7556}") = "Server_client", "Server_client\Server_client.csproj", "{36B578E3-BC9A-4A63-B0B6-494ED2C662DE}"
EndProject
Project("{FAE04EC0-301F-11D3-BF4B-00C04F79EFBC}") = "ConsoleApp1", "ConsoleApp1\ConsoleApp1.csproj", "{703A742B-6ED8-4BA2-B46C-25F39C97F69D}"
EndProject
Project("{FAE04EC0-301F-11D3-BF4B-00C04F79EFBC}") = "UserInterface", "UserInterface\UserInterface.csproj", "{E45CA25D-0762-4ACC-BB80-67428AF90861}"
EndProject
Global
	GlobalSection(SolutionConfigurationPlatforms) = preSolution
		Debug|Any CPU = Debug|Any CPU
		Release|Any CPU = Release|Any CPU
	EndGlobalSection
	GlobalSection(ProjectConfigurationPlatforms) = postSolution
		{36B578E3-BC9A-4A63-B0B6-494ED2C662DE}.Debug|Any CPU.ActiveCfg = Debug|Any CPU
		{36B578E3-BC9A-4A63-B0B6-494ED2C662DE}.Debug|Any CPU.Build.0 = Debug|Any CPU
		{36B578E3-BC9A-4A63-B0B6-494ED2C662DE}.Release|Any CPU.ActiveCfg = Release|Any CPU
		{36B578E3-BC9A-4A63-B0B6-494ED2C662DE}.Release|Any CPU.Build.0 = Release|Any CPU
		{703A742B-6ED8-4BA2-B46C-25F39C97F69D}.Debug|Any CPU.ActiveCfg = Debug|Any CPU
		{703A742B-6ED8-4BA2-B46C-25F39C97F69D}.Debug|Any CPU.Build.0 = Debug|Any CPU
		{703A742B-6ED8-4BA2-B46C-25F39C97F69D}.Release|Any CPU.ActiveCfg = Release|Any CPU
		{703A742B-6ED8-4BA2-B46C-25F39C97F69D}.Release|Any CPU.Build.0 = Release|Any CPU
		{E45CA25D-0762-4ACC-BB80-67428AF90861}.Debug|Any CPU.ActiveCfg = Debug|Any CPU
		{E45CA25D-0762-4ACC-BB80-67428AF90861}.Debug|Any CPU.Build.0 = Debug|Any CPU
		{E45CA25D-0762-4ACC-BB80-67428AF90861}.Release|Any CPU.ActiveCfg = Release|Any CPU
		{E45CA25D-0762-4ACC-BB80-67428AF90861}.Release|Any CPU.Build.0 = Release|Any CPU
	EndGlobalSection
	GlobalSection(SolutionProperties) = preSolution
		HideSolutionNode = FALSE
	EndGlobalSection
	GlobalSection(ExtensibilityGlobals) = postSolution
		SolutionGuid = {9048547D-CA0F-423A-989B-BF337F9E5ADF}
	EndGlobalSection
EndGlobal
